Microsoft Visual Studio Solution File, Format Version 12.00
# Visual Studio Version 17
VisualStudioVersion = 17.5.2.0
MinimumVisualStudioVersion = 10.0.40219.1
Project("{FAE04EC0-301F-11D3-BF4B-00C04F79EFBC}") = "RedGenealogica.Web", "RedGenealogica.Web.csproj", "{567282DD-2FA3-EE2B-1C26-69A1B403BF40}"
EndProject
Global
	GlobalSection(SolutionConfigurationPlatforms) = preSolution
		Debug|Any CPU = Debug|Any CPU
		Release|Any CPU = Release|Any CPU
	EndGlobalSection
	GlobalSection(ProjectConfigurationPlatforms) = postSolution
		{567282DD-2FA3-EE2B-1C26-69A1B403BF40}.Debug|Any CPU.ActiveCfg = Debug|Any CPU
		{567282DD-2FA3-EE2B-1C26-69A1B403BF40}.Debug|Any CPU.Build.0 = Debug|Any CPU
		{567282DD-2FA3-EE2B-1C26-69A1B403BF40}.Release|Any CPU.ActiveCfg = Release|Any CPU
		{567282DD-2FA3-EE2B-1C26-69A1B403BF40}.Release|Any CPU.Build.0 = Release|Any CPU
	EndGlobalSection
	GlobalSection(SolutionProperties) = preSolution
		HideSolutionNode = FALSE
	EndGlobalSection
	GlobalSection(ExtensibilityGlobals) = postSolution
		SolutionGuid = {18F282DE-F606-41CC-B624-9F8041F3CEF6}
	EndGlobalSection
EndGlobal
